PODS:
  - BaseViewController (1.3.5):
    - IQKeyboardManager
    - WZLBadge
  - IQKeyboardManager (6.5.19)
  - WZLBadge (1.2.6)

DEPENDENCIES:
  - BaseViewController (from `../`)

SPEC REPOS:
  trunk:
    - IQKeyboardManager
    - WZLBadge

EXTERNAL SOURCES:
  BaseViewController:
    :path: "../"

SPEC CHECKSUMS:
  BaseViewController: e9f42508e37a4fc26545a94ff8c4d605a89daed0
  IQKeyboardManager: c8665b3396bd0b79402b4c573eac345a31c7d485
  WZLBadge: 9ec779dcfd94c825518b395e8315fccaabff1bfa

PODFILE CHECKSUM: 8e09962d6e782d02624a80e1e490f8f1d23a1bfa

COCOAPODS: 1.15.2
