PODS:
  - BaseViewController (1.0.3):
    - IQKeyboardManager
    - WZLBadge
  - IQKeyboardManager (6.5.6)
  - WZLBadge (1.2.6)

DEPENDENCIES:
  - BaseViewController (from `../`)

SPEC REPOS:
  trunk:
    - IQKeyboardManager
    - WZLBadge

EXTERNAL SOURCES:
  BaseViewController:
    :path: "../"

SPEC CHECKSUMS:
  BaseViewController: bef8f01fe31f7591f8eb45109678246341b37bd0
  IQKeyboardManager: 2a6e97afdafc7becf0cb17a9a8d795e3a980717f
  WZLBadge: 9ec779dcfd94c825518b395e8315fccaabff1bfa

PODFILE CHECKSUM: ab7c04f40bca959d316c16b4dbb722e1f466738b

COCOAPODS: 1.10.1
